
Microsoft Visual Studio Solution File, Format Version 12.00
# Visual Studio Version 16
VisualStudioVersion = 16.0.31005.135
MinimumVisualStudioVersion = 10.0.40219.1
Project("{FAE04EC0-301F-11D3-BF4B-00C04F79EFBC}") = "DesafioAgroTools", "DesafioAgroTools\DesafioAgroTools.csproj", "{6646002A-7896-4737-A5B2-8E13D00B194B}"
EndProject
Project("{FAE04EC0-301F-11D3-BF4B-00C04F79EFBC}") = "DesafioAgroToolsDomain", "DesafioAgroToolsDomain\DesafioAgroToolsDomain.csproj", "{79A7AF82-A7DF-487C-A59E-1D812174C42B}"
EndProject
Project("{FAE04EC0-301F-11D3-BF4B-00C04F79EFBC}") = "DesafioAgroToolsInfra", "DesafioAgroToolsInfra\DesafioAgroToolsInfra.csproj", "{B9D74652-0C93-4FD6-95B8-BA5B58ECF829}"
EndProject
Global
	GlobalSection(SolutionConfigurationPlatforms) = preSolution
		Debug|Any CPU = Debug|Any CPU
		Release|Any CPU = Release|Any CPU
	EndGlobalSection
	GlobalSection(ProjectConfigurationPlatforms) = postSolution
		{6646002A-7896-4737-A5B2-8E13D00B194B}.Debug|Any CPU.ActiveCfg = Debug|Any CPU
		{6646002A-7896-4737-A5B2-8E13D00B194B}.Debug|Any CPU.Build.0 = Debug|Any CPU
		{6646002A-7896-4737-A5B2-8E13D00B194B}.Release|Any CPU.ActiveCfg = Release|Any CPU
		{6646002A-7896-4737-A5B2-8E13D00B194B}.Release|Any CPU.Build.0 = Release|Any CPU
		{79A7AF82-A7DF-487C-A59E-1D812174C42B}.Debug|Any CPU.ActiveCfg = Debug|Any CPU
		{79A7AF82-A7DF-487C-A59E-1D812174C42B}.Debug|Any CPU.Build.0 = Debug|Any CPU
		{79A7AF82-A7DF-487C-A59E-1D812174C42B}.Release|Any CPU.ActiveCfg = Release|Any CPU
		{79A7AF82-A7DF-487C-A59E-1D812174C42B}.Release|Any CPU.Build.0 = Release|Any CPU
		{B9D74652-0C93-4FD6-95B8-BA5B58ECF829}.Debug|Any CPU.ActiveCfg = Debug|Any CPU
		{B9D74652-0C93-4FD6-95B8-BA5B58ECF829}.Debug|Any CPU.Build.0 = Debug|Any CPU
		{B9D74652-0C93-4FD6-95B8-BA5B58ECF829}.Release|Any CPU.ActiveCfg = Release|Any CPU
		{B9D74652-0C93-4FD6-95B8-BA5B58ECF829}.Release|Any CPU.Build.0 = Release|Any CPU
	EndGlobalSection
	GlobalSection(SolutionProperties) = preSolution
		HideSolutionNode = FALSE
	EndGlobalSection
	GlobalSection(ExtensibilityGlobals) = postSolution
		SolutionGuid = {7CC26F5C-A839-4289-AC9F-B65294D7FB63}
	EndGlobalSection
EndGlobal
